
Microsoft Visual Studio Solution File, Format Version 12.00
# Visual Studio Version 16
VisualStudioVersion = 16.0.28922.388
MinimumVisualStudioVersion = 10.0.40219.1
Project("{FAE04EC0-301F-11D3-BF4B-00C04F79EFBC}") = "CityInfo.API", "CityInfo.API\CityInfo.API.csproj", "{0F57FC6C-02C8-4AC1-9DA6-5E8A5336C3CC}"
EndProject
Global
	GlobalSection(SolutionConfigurationPlatforms) = preSolution
		Debug|Any CPU = Debug|Any CPU
		Release|Any CPU = Release|Any CPU
	EndGlobalSection
	GlobalSection(ProjectConfigurationPlatforms) = postSolution
		{0F57FC6C-02C8-4AC1-9DA6-5E8A5336C3CC}.Debug|Any CPU.ActiveCfg = Debug|Any CPU
		{0F57FC6C-02C8-4AC1-9DA6-5E8A5336C3CC}.Debug|Any CPU.Build.0 = Debug|Any CPU
		{0F57FC6C-02C8-4AC1-9DA6-5E8A5336C3CC}.Release|Any CPU.ActiveCfg = Release|Any CPU
		{0F57FC6C-02C8-4AC1-9DA6-5E8A5336C3CC}.Release|Any CPU.Build.0 = Release|Any CPU
	EndGlobalSection
	GlobalSection(SolutionProperties) = preSolution
		HideSolutionNode = FALSE
	EndGlobalSection
	GlobalSection(ExtensibilityGlobals) = postSolution
		SolutionGuid = {61DA06DF-52FE-4096-B263-F7D9EB743C7B}
	EndGlobalSection
EndGlobal
